
Microsoft Visual Studio Solution File, Format Version 12.00
# Visual Studio Version 17
VisualStudioVersion = 17.5.33516.290
MinimumVisualStudioVersion = 10.0.40219.1
Project("{FAE04EC0-301F-11D3-BF4B-00C04F79EFBC}") = "Pryfrima", "Pryfrima.csproj", "{2FFA7C00-30AA-45D0-B72E-CDEEB13AE38B}"
EndProject
Global
	GlobalSection(SolutionConfigurationPlatforms) = preSolution
		Debug|Any CPU = Debug|Any CPU
		Release|Any CPU = Release|Any CPU
	EndGlobalSection
	GlobalSection(ProjectConfigurationPlatforms) = postSolution
		{2FFA7C00-30AA-45D0-B72E-CDEEB13AE38B}.Debug|Any CPU.ActiveCfg = Debug|Any CPU
		{2FFA7C00-30AA-45D0-B72E-CDEEB13AE38B}.Debug|Any CPU.Build.0 = Debug|Any CPU
		{2FFA7C00-30AA-45D0-B72E-CDEEB13AE38B}.Release|Any CPU.ActiveCfg = Release|Any CPU
		{2FFA7C00-30AA-45D0-B72E-CDEEB13AE38B}.Release|Any CPU.Build.0 = Release|Any CPU
	EndGlobalSection
	GlobalSection(SolutionProperties) = preSolution
		HideSolutionNode = FALSE
	EndGlobalSection
	GlobalSection(ExtensibilityGlobals) = postSolution
		SolutionGuid = {F3E6DEC4-3502-4498-A7D0-8F6F06BFF765}
	EndGlobalSection
EndGlobal
